
Microsoft Visual Studio Solution File, Format Version 12.00
# Visual Studio 15
VisualStudioVersion = 15.0.28307.329
MinimumVisualStudioVersion = 10.0.40219.1
Project("{FAE04EC0-301F-11D3-BF4B-00C04F79EFBC}") = "Week2MVCApplication", "Week2MVCApplication\Week2MVCApplication.csproj", "{0813E735-9EA1-4BF3-A86E-D6A4A6A27A6B}"
EndProject
Project("{FAE04EC0-301F-11D3-BF4B-00C04F79EFBC}") = "Week2.Shared", "Week2.Shared\Week2.Shared.csproj", "{1E8AAE92-E386-4EE4-BB83-F310A3481838}"
EndProject
Global
	GlobalSection(SolutionConfigurationPlatforms) = preSolution
		Debug|Any CPU = Debug|Any CPU
		Release|Any CPU = Release|Any CPU
	EndGlobalSection
	GlobalSection(ProjectConfigurationPlatforms) = postSolution
		{0813E735-9EA1-4BF3-A86E-D6A4A6A27A6B}.Debug|Any CPU.ActiveCfg = Debug|Any CPU
		{0813E735-9EA1-4BF3-A86E-D6A4A6A27A6B}.Debug|Any CPU.Build.0 = Debug|Any CPU
		{0813E735-9EA1-4BF3-A86E-D6A4A6A27A6B}.Release|Any CPU.ActiveCfg = Release|Any CPU
		{0813E735-9EA1-4BF3-A86E-D6A4A6A27A6B}.Release|Any CPU.Build.0 = Release|Any CPU
		{1E8AAE92-E386-4EE4-BB83-F310A3481838}.Debug|Any CPU.ActiveCfg = Debug|Any CPU
		{1E8AAE92-E386-4EE4-BB83-F310A3481838}.Debug|Any CPU.Build.0 = Debug|Any CPU
		{1E8AAE92-E386-4EE4-BB83-F310A3481838}.Release|Any CPU.ActiveCfg = Release|Any CPU
		{1E8AAE92-E386-4EE4-BB83-F310A3481838}.Release|Any CPU.Build.0 = Release|Any CPU
	EndGlobalSection
	GlobalSection(SolutionProperties) = preSolution
		HideSolutionNode = FALSE
	EndGlobalSection
	GlobalSection(ExtensibilityGlobals) = postSolution
		SolutionGuid = {058CD1CC-DE65-4EBF-9184-FD04729F3B55}
	EndGlobalSection
EndGlobal
